
Microsoft Visual Studio Solution File, Format Version 12.00
# Visual Studio Version 17
VisualStudioVersion = 17.11.35303.130
MinimumVisualStudioVersion = 10.0.40219.1
Project("{FAE04EC0-301F-11D3-BF4B-00C04F79EFBC}") = "PetShelter", "PetShelter\PetShelter.csproj", "{E4565188-184B-4A8F-B139-FADEFAAC6962}"
EndProject
Project("{FAE04EC0-301F-11D3-BF4B-00C04F79EFBC}") = "Model", "..\..\..\..\source\repos\Model\Model\Model.csproj", "{3BBF329F-673A-4A5D-9A2D-717542B989DC}"
EndProject
Global
	GlobalSection(SolutionConfigurationPlatforms) = preSolution
		Debug|Any CPU = Debug|Any CPU
		Release|Any CPU = Release|Any CPU
	EndGlobalSection
	GlobalSection(ProjectConfigurationPlatforms) = postSolution
		{E4565188-184B-4A8F-B139-FADEFAAC6962}.Debug|Any CPU.ActiveCfg = Debug|Any CPU
		{E4565188-184B-4A8F-B139-FADEFAAC6962}.Debug|Any CPU.Build.0 = Debug|Any CPU
		{E4565188-184B-4A8F-B139-FADEFAAC6962}.Release|Any CPU.ActiveCfg = Release|Any CPU
		{E4565188-184B-4A8F-B139-FADEFAAC6962}.Release|Any CPU.Build.0 = Release|Any CPU
		{3BBF329F-673A-4A5D-9A2D-717542B989DC}.Debug|Any CPU.ActiveCfg = Debug|Any CPU
		{3BBF329F-673A-4A5D-9A2D-717542B989DC}.Debug|Any CPU.Build.0 = Debug|Any CPU
		{3BBF329F-673A-4A5D-9A2D-717542B989DC}.Release|Any CPU.ActiveCfg = Release|Any CPU
		{3BBF329F-673A-4A5D-9A2D-717542B989DC}.Release|Any CPU.Build.0 = Release|Any CPU
	EndGlobalSection
	GlobalSection(SolutionProperties) = preSolution
		HideSolutionNode = FALSE
	EndGlobalSection
	GlobalSection(ExtensibilityGlobals) = postSolution
		SolutionGuid = {FD93CEFF-C7D9-42F6-BF68-B7BB8BA8A5CE}
	EndGlobalSection
EndGlobal
